
Microsoft Visual Studio Solution File, Format Version 12.00
# Visual Studio 15
VisualStudioVersion = 15.0.28010.2016
MinimumVisualStudioVersion = 10.0.40219.1
Project("{FAE04EC0-301F-11D3-BF4B-00C04F79EFBC}") = "M02_Davis_TextBoxDemo", "M02_Davis_TextBoxDemo\M02_Davis_TextBoxDemo.csproj", "{187E82E1-E404-465D-A2E9-162BDAE4DB0B}"
EndProject
Global
	GlobalSection(SolutionConfigurationPlatforms) = preSolution
		Debug|Any CPU = Debug|Any CPU
		Release|Any CPU = Release|Any CPU
	EndGlobalSection
	GlobalSection(ProjectConfigurationPlatforms) = postSolution
		{187E82E1-E404-465D-A2E9-162BDAE4DB0B}.Debug|Any CPU.ActiveCfg = Debug|Any CPU
		{187E82E1-E404-465D-A2E9-162BDAE4DB0B}.Debug|Any CPU.Build.0 = Debug|Any CPU
		{187E82E1-E404-465D-A2E9-162BDAE4DB0B}.Release|Any CPU.ActiveCfg = Release|Any CPU
		{187E82E1-E404-465D-A2E9-162BDAE4DB0B}.Release|Any CPU.Build.0 = Release|Any CPU
	EndGlobalSection
	GlobalSection(SolutionProperties) = preSolution
		HideSolutionNode = FALSE
	EndGlobalSection
	GlobalSection(ExtensibilityGlobals) = postSolution
		SolutionGuid = {B123C954-1B46-4EB6-BD47-48D95BDAF46C}
	EndGlobalSection
EndGlobal
