
Microsoft Visual Studio Solution File, Format Version 12.00
# Visual Studio 15
VisualStudioVersion = 15.0.28010.2041
MinimumVisualStudioVersion = 10.0.40219.1
Project("{FAE04EC0-301F-11D3-BF4B-00C04F79EFBC}") = "M11_Davis_WriteSQLStatement", "M11_Davis_WriteSQLStatement\M11_Davis_WriteSQLStatement.csproj", "{B312D957-8F06-45DB-BCF5-2326DE434585}"
EndProject
Global
	GlobalSection(SolutionConfigurationPlatforms) = preSolution
		Debug|Any CPU = Debug|Any CPU
		Release|Any CPU = Release|Any CPU
	EndGlobalSection
	GlobalSection(ProjectConfigurationPlatforms) = postSolution
		{B312D957-8F06-45DB-BCF5-2326DE434585}.Debug|Any CPU.ActiveCfg = Debug|Any CPU
		{B312D957-8F06-45DB-BCF5-2326DE434585}.Debug|Any CPU.Build.0 = Debug|Any CPU
		{B312D957-8F06-45DB-BCF5-2326DE434585}.Release|Any CPU.ActiveCfg = Release|Any CPU
		{B312D957-8F06-45DB-BCF5-2326DE434585}.Release|Any CPU.Build.0 = Release|Any CPU
	EndGlobalSection
	GlobalSection(SolutionProperties) = preSolution
		HideSolutionNode = FALSE
	EndGlobalSection
	GlobalSection(ExtensibilityGlobals) = postSolution
		SolutionGuid = {0FB70FB6-3801-4646-B15B-443AC2D14C5B}
	EndGlobalSection
EndGlobal
