
Microsoft Visual Studio Solution File, Format Version 12.00
# Visual Studio 15
VisualStudioVersion = 15.0.28010.2016
MinimumVisualStudioVersion = 10.0.40219.1
Project("{FAE04EC0-301F-11D3-BF4B-00C04F79EFBC}") = "M04_Davis_TimeCalculatorProgram", "M04_Davis_TimeCalculatorProgram\M04_Davis_TimeCalculatorProgram.csproj", "{C8E4F961-18C3-4991-97F5-21637BFC6CBE}"
EndProject
Global
	GlobalSection(SolutionConfigurationPlatforms) = preSolution
		Debug|Any CPU = Debug|Any CPU
		Release|Any CPU = Release|Any CPU
	EndGlobalSection
	GlobalSection(ProjectConfigurationPlatforms) = postSolution
		{C8E4F961-18C3-4991-97F5-21637BFC6CBE}.Debug|Any CPU.ActiveCfg = Debug|Any CPU
		{C8E4F961-18C3-4991-97F5-21637BFC6CBE}.Debug|Any CPU.Build.0 = Debug|Any CPU
		{C8E4F961-18C3-4991-97F5-21637BFC6CBE}.Release|Any CPU.ActiveCfg = Release|Any CPU
		{C8E4F961-18C3-4991-97F5-21637BFC6CBE}.Release|Any CPU.Build.0 = Release|Any CPU
	EndGlobalSection
	GlobalSection(SolutionProperties) = preSolution
		HideSolutionNode = FALSE
	EndGlobalSection
	GlobalSection(ExtensibilityGlobals) = postSolution
		SolutionGuid = {841B117A-8880-4492-85A4-8840CC116D74}
	EndGlobalSection
EndGlobal
