
Microsoft Visual Studio Solution File, Format Version 12.00
# Visual Studio 15
VisualStudioVersion = 15.0.28010.2041
MinimumVisualStudioVersion = 10.0.40219.1
Project("{FAE04EC0-301F-11D3-BF4B-00C04F79EFBC}") = "M09_Davis_CarClassProgram", "M09_Davis_CarClassProgram\M09_Davis_CarClassProgram.csproj", "{30E2731B-A72E-46D4-BC43-C7FC49E6583E}"
EndProject
Global
	GlobalSection(SolutionConfigurationPlatforms) = preSolution
		Debug|Any CPU = Debug|Any CPU
		Release|Any CPU = Release|Any CPU
	EndGlobalSection
	GlobalSection(ProjectConfigurationPlatforms) = postSolution
		{30E2731B-A72E-46D4-BC43-C7FC49E6583E}.Debug|Any CPU.ActiveCfg = Debug|Any CPU
		{30E2731B-A72E-46D4-BC43-C7FC49E6583E}.Debug|Any CPU.Build.0 = Debug|Any CPU
		{30E2731B-A72E-46D4-BC43-C7FC49E6583E}.Release|Any CPU.ActiveCfg = Release|Any CPU
		{30E2731B-A72E-46D4-BC43-C7FC49E6583E}.Release|Any CPU.Build.0 = Release|Any CPU
	EndGlobalSection
	GlobalSection(SolutionProperties) = preSolution
		HideSolutionNode = FALSE
	EndGlobalSection
	GlobalSection(ExtensibilityGlobals) = postSolution
		SolutionGuid = {D9E0D7C7-1902-44F8-9BA5-0A7B2A3F45D3}
	EndGlobalSection
EndGlobal
